
Microsoft Visual Studio Solution File, Format Version 12.00
# Visual Studio 2012
Project("{FAE04EC0-301F-11D3-BF4B-00C04F79EFBC}") = "RageControl", "RageControl\RageControl.csproj", "{F834BEB2-1C4E-4968-AFDB-050B0A14C158}"
EndProject
Global
	GlobalSection(SolutionConfigurationPlatforms) = preSolution
		Debug|Any CPU = Debug|Any CPU
		Release|Any CPU = Release|Any CPU
	EndGlobalSection
	GlobalSection(ProjectConfigurationPlatforms) = postSolution
		{F834BEB2-1C4E-4968-AFDB-050B0A14C158}.Debug|Any CPU.ActiveCfg = Debug|Any CPU
		{F834BEB2-1C4E-4968-AFDB-050B0A14C158}.Debug|Any CPU.Build.0 = Debug|Any CPU
		{F834BEB2-1C4E-4968-AFDB-050B0A14C158}.Release|Any CPU.ActiveCfg = Release|Any CPU
		{F834BEB2-1C4E-4968-AFDB-050B0A14C158}.Release|Any CPU.Build.0 = Release|Any CPU
	EndGlobalSection
	GlobalSection(SolutionProperties) = preSolution
		HideSolutionNode = FALSE
	EndGlobalSection
EndGlobal
